
Microsoft Visual Studio Solution File, Format Version 12.00
# Visual Studio Version 17
VisualStudioVersion = 17.14.36705.20
MinimumVisualStudioVersion = 10.0.40219.1
Project("{FAE04EC0-301F-11D3-BF4B-00C04F79EFBC}") = "Task 1", "Task 1\Task 1.csproj", "{D4547B52-01C7-44D1-93D5-7B5ED221CC82}"
EndProject
Project("{2150E333-8FDC-42A3-9474-1A3956D46DE8}") = "Solution Items", "Solution Items", "{8EC462FD-D22E-90A8-E5CE-7E832BA40C5D}"
	ProjectSection(SolutionItems) = preProject
		.gitignore = .gitignore
		Task 6.pdf = Task 6.pdf
		Task 7.pdf = Task 7.pdf
	EndProjectSection
EndProject
Project("{FAE04EC0-301F-11D3-BF4B-00C04F79EFBC}") = "Task 2", "Task 2\Task 2.csproj", "{4572ED28-4EC2-4C32-8CDD-492A5DD1E499}"
EndProject
Project("{FAE04EC0-301F-11D3-BF4B-00C04F79EFBC}") = "Task 3", "Task 3\Task 3.csproj", "{61D6FD2F-E86D-412D-B236-309626ECA46F}"
EndProject
Project("{FAE04EC0-301F-11D3-BF4B-00C04F79EFBC}") = "Task 4", "Task 4\Task 4.csproj", "{5DB82966-3B9A-4069-AD06-9B60AED502A2}"
EndProject
Project("{FAE04EC0-301F-11D3-BF4B-00C04F79EFBC}") = "Task 5", "Task 5\Task 5.csproj", "{B18D684F-209F-42FA-9EDF-344698EDF75C}"
EndProject
Global
	GlobalSection(SolutionConfigurationPlatforms) = preSolution
		Debug|Any CPU = Debug|Any CPU
		Release|Any CPU = Release|Any CPU
	EndGlobalSection
	GlobalSection(ProjectConfigurationPlatforms) = postSolution
		{D4547B52-01C7-44D1-93D5-7B5ED221CC82}.Debug|Any CPU.ActiveCfg = Debug|Any CPU
		{D4547B52-01C7-44D1-93D5-7B5ED221CC82}.Debug|Any CPU.Build.0 = Debug|Any CPU
		{D4547B52-01C7-44D1-93D5-7B5ED221CC82}.Release|Any CPU.ActiveCfg = Release|Any CPU
		{D4547B52-01C7-44D1-93D5-7B5ED221CC82}.Release|Any CPU.Build.0 = Release|Any CPU
		{4572ED28-4EC2-4C32-8CDD-492A5DD1E499}.Debug|Any CPU.ActiveCfg = Debug|Any CPU
		{4572ED28-4EC2-4C32-8CDD-492A5DD1E499}.Debug|Any CPU.Build.0 = Debug|Any CPU
		{4572ED28-4EC2-4C32-8CDD-492A5DD1E499}.Release|Any CPU.ActiveCfg = Release|Any CPU
		{4572ED28-4EC2-4C32-8CDD-492A5DD1E499}.Release|Any CPU.Build.0 = Release|Any CPU
		{61D6FD2F-E86D-412D-B236-309626ECA46F}.Debug|Any CPU.ActiveCfg = Debug|Any CPU
		{61D6FD2F-E86D-412D-B236-309626ECA46F}.Debug|Any CPU.Build.0 = Debug|Any CPU
		{61D6FD2F-E86D-412D-B236-309626ECA46F}.Release|Any CPU.ActiveCfg = Release|Any CPU
		{61D6FD2F-E86D-412D-B236-309626ECA46F}.Release|Any CPU.Build.0 = Release|Any CPU
		{5DB82966-3B9A-4069-AD06-9B60AED502A2}.Debug|Any CPU.ActiveCfg = Debug|Any CPU
		{5DB82966-3B9A-4069-AD06-9B60AED502A2}.Debug|Any CPU.Build.0 = Debug|Any CPU
		{5DB82966-3B9A-4069-AD06-9B60AED502A2}.Release|Any CPU.ActiveCfg = Release|Any CPU
		{5DB82966-3B9A-4069-AD06-9B60AED502A2}.Release|Any CPU.Build.0 = Release|Any CPU
		{B18D684F-209F-42FA-9EDF-344698EDF75C}.Debug|Any CPU.ActiveCfg = Debug|Any CPU
		{B18D684F-209F-42FA-9EDF-344698EDF75C}.Debug|Any CPU.Build.0 = Debug|Any CPU
		{B18D684F-209F-42FA-9EDF-344698EDF75C}.Release|Any CPU.ActiveCfg = Release|Any CPU
		{B18D684F-209F-42FA-9EDF-344698EDF75C}.Release|Any CPU.Build.0 = Release|Any CPU
	EndGlobalSection
	GlobalSection(SolutionProperties) = preSolution
		HideSolutionNode = FALSE
	EndGlobalSection
	GlobalSection(ExtensibilityGlobals) = postSolution
		SolutionGuid = {C9D99C36-ECD2-4768-9FFA-0611775C7BF9}
	EndGlobalSection
EndGlobal
